
Microsoft Visual Studio Solution File, Format Version 12.00
# Visual Studio Version 17
VisualStudioVersion = 17.13.35825.156
MinimumVisualStudioVersion = 10.0.40219.1
Project("{8BC9CEB8-8B4A-11D0-8D11-00A0C91BC942}") = "VisionForge", "VisionForge\VisionForge.vcxproj", "{45717851-D63A-4405-956D-C4FF5D116FA4}"
	ProjectSection(ProjectDependencies) = postProject
		{E78DE147-173C-4FD2-8035-AA34E1981435} = {E78DE147-173C-4FD2-8035-AA34E1981435}
	EndProjectSection
EndProject
Project("{8BC9CEB8-8B4A-11D0-8D11-00A0C91BC942}") = "Core", "Core\Core.vcxproj", "{E78DE147-173C-4FD2-8035-AA34E1981435}"
EndProject
Global
	GlobalSection(SolutionConfigurationPlatforms) = preSolution
		Debug|x64 = Debug|x64
		Debug|x86 = Debug|x86
		Release|x64 = Release|x64
		Release|x86 = Release|x86
	EndGlobalSection
	GlobalSection(ProjectConfigurationPlatforms) = postSolution
		{45717851-D63A-4405-956D-C4FF5D116FA4}.Debug|x64.ActiveCfg = Debug|x64
		{45717851-D63A-4405-956D-C4FF5D116FA4}.Debug|x64.Build.0 = Debug|x64
		{45717851-D63A-4405-956D-C4FF5D116FA4}.Debug|x86.ActiveCfg = Debug|Win32
		{45717851-D63A-4405-956D-C4FF5D116FA4}.Debug|x86.Build.0 = Debug|Win32
		{45717851-D63A-4405-956D-C4FF5D116FA4}.Release|x64.ActiveCfg = Release|x64
		{45717851-D63A-4405-956D-C4FF5D116FA4}.Release|x64.Build.0 = Release|x64
		{45717851-D63A-4405-956D-C4FF5D116FA4}.Release|x86.ActiveCfg = Release|Win32
		{45717851-D63A-4405-956D-C4FF5D116FA4}.Release|x86.Build.0 = Release|Win32
		{E78DE147-173C-4FD2-8035-AA34E1981435}.Debug|x64.ActiveCfg = Debug|x64
		{E78DE147-173C-4FD2-8035-AA34E1981435}.Debug|x64.Build.0 = Debug|x64
		{E78DE147-173C-4FD2-8035-AA34E1981435}.Debug|x86.ActiveCfg = Debug|Win32
		{E78DE147-173C-4FD2-8035-AA34E1981435}.Debug|x86.Build.0 = Debug|Win32
		{E78DE147-173C-4FD2-8035-AA34E1981435}.Release|x64.ActiveCfg = Release|x64
		{E78DE147-173C-4FD2-8035-AA34E1981435}.Release|x64.Build.0 = Release|x64
		{E78DE147-173C-4FD2-8035-AA34E1981435}.Release|x86.ActiveCfg = Release|Win32
		{E78DE147-173C-4FD2-8035-AA34E1981435}.Release|x86.Build.0 = Release|Win32
	EndGlobalSection
	GlobalSection(SolutionProperties) = preSolution
		HideSolutionNode = FALSE
	EndGlobalSection
	GlobalSection(ExtensibilityGlobals) = postSolution
		SolutionGuid = {70DD112D-70CE-4509-AA38-7BDC36F6B6F2}
	EndGlobalSection
EndGlobal
